
Microsoft Visual Studio Solution File, Format Version 12.00
# Visual Studio Version 17
VisualStudioVersion = 17.9.34902.65
MinimumVisualStudioVersion = 10.0.40219.1
Project("{FAE04EC0-301F-11D3-BF4B-00C04F79EFBC}") = "Wfdb", "Wfdb.csproj", "{2EC3496F-5EC1-44DD-8119-2A0D92328E94}"
EndProject
Global
	GlobalSection(SolutionConfigurationPlatforms) = preSolution
		Debug|Any CPU = Debug|Any CPU
		Release|Any CPU = Release|Any CPU
	EndGlobalSection
	GlobalSection(ProjectConfigurationPlatforms) = postSolution
		{2EC3496F-5EC1-44DD-8119-2A0D92328E94}.Debug|Any CPU.ActiveCfg = Debug|Any CPU
		{2EC3496F-5EC1-44DD-8119-2A0D92328E94}.Debug|Any CPU.Build.0 = Debug|Any CPU
		{2EC3496F-5EC1-44DD-8119-2A0D92328E94}.Release|Any CPU.ActiveCfg = Release|Any CPU
		{2EC3496F-5EC1-44DD-8119-2A0D92328E94}.Release|Any CPU.Build.0 = Release|Any CPU
	EndGlobalSection
	GlobalSection(SolutionProperties) = preSolution
		HideSolutionNode = FALSE
	EndGlobalSection
	GlobalSection(ExtensibilityGlobals) = postSolution
		SolutionGuid = {04612F02-B65A-4EC5-B495-4580A865711C}
	EndGlobalSection
EndGlobal
